
Microsoft Visual Studio Solution File, Format Version 12.00
# Visual Studio Version 17
VisualStudioVersion = 17.6.33723.286
MinimumVisualStudioVersion = 10.0.40219.1
Project("{9A19103F-16F7-4668-BE54-9A1E7A4F7556}") = "DanilovA", "DanilovA\DanilovA.csproj", "{03D90595-16CD-4737-8698-B3F6087A5873}"
EndProject
Project("{FAE04EC0-301F-11D3-BF4B-00C04F79EFBC}") = "DanilovA.Test", "DanilovA.Test\DanilovA.Test.csproj", "{9643DFCD-FC2D-468A-A93F-827CFCACA2C1}"
EndProject
Global
	GlobalSection(SolutionConfigurationPlatforms) = preSolution
		Debug|Any CPU = Debug|Any CPU
		Release|Any CPU = Release|Any CPU
	EndGlobalSection
	GlobalSection(ProjectConfigurationPlatforms) = postSolution
		{03D90595-16CD-4737-8698-B3F6087A5873}.Debug|Any CPU.ActiveCfg = Debug|Any CPU
		{03D90595-16CD-4737-8698-B3F6087A5873}.Debug|Any CPU.Build.0 = Debug|Any CPU
		{03D90595-16CD-4737-8698-B3F6087A5873}.Release|Any CPU.ActiveCfg = Release|Any CPU
		{03D90595-16CD-4737-8698-B3F6087A5873}.Release|Any CPU.Build.0 = Release|Any CPU
		{9643DFCD-FC2D-468A-A93F-827CFCACA2C1}.Debug|Any CPU.ActiveCfg = Debug|Any CPU
		{9643DFCD-FC2D-468A-A93F-827CFCACA2C1}.Debug|Any CPU.Build.0 = Debug|Any CPU
		{9643DFCD-FC2D-468A-A93F-827CFCACA2C1}.Release|Any CPU.ActiveCfg = Release|Any CPU
		{9643DFCD-FC2D-468A-A93F-827CFCACA2C1}.Release|Any CPU.Build.0 = Release|Any CPU
	EndGlobalSection
	GlobalSection(SolutionProperties) = preSolution
		HideSolutionNode = FALSE
	EndGlobalSection
	GlobalSection(ExtensibilityGlobals) = postSolution
		SolutionGuid = {AE568F57-5496-4A5F-BDFE-65474E06C68B}
	EndGlobalSection
EndGlobal
